
Microsoft Visual Studio Solution File, Format Version 12.00
# Visual Studio Version 17
VisualStudioVersion = 17.14.36408.4
MinimumVisualStudioVersion = 10.0.40219.1
Project("{FAE04EC0-301F-11D3-BF4B-00C04F79EFBC}") = "Blocksharp.Core", "Blocksharp.Core\Blocksharp.Core.csproj", "{854678BA-7C1D-4870-B653-E88AFBD40425}"
EndProject
Project("{FAE04EC0-301F-11D3-BF4B-00C04F79EFBC}") = "Blocksharp.Miner", "Blocksharp.Miner\Blocksharp.Miner.csproj", "{A9240C75-2C22-4795-A5A7-D4448E3258A6}"
EndProject
Global
	GlobalSection(SolutionConfigurationPlatforms) = preSolution
		Debug|Any CPU = Debug|Any CPU
		Release|Any CPU = Release|Any CPU
	EndGlobalSection
	GlobalSection(ProjectConfigurationPlatforms) = postSolution
		{854678BA-7C1D-4870-B653-E88AFBD40425}.Debug|Any CPU.ActiveCfg = Debug|Any CPU
		{854678BA-7C1D-4870-B653-E88AFBD40425}.Debug|Any CPU.Build.0 = Debug|Any CPU
		{854678BA-7C1D-4870-B653-E88AFBD40425}.Release|Any CPU.ActiveCfg = Release|Any CPU
		{854678BA-7C1D-4870-B653-E88AFBD40425}.Release|Any CPU.Build.0 = Release|Any CPU
		{A9240C75-2C22-4795-A5A7-D4448E3258A6}.Debug|Any CPU.ActiveCfg = Debug|Any CPU
		{A9240C75-2C22-4795-A5A7-D4448E3258A6}.Debug|Any CPU.Build.0 = Debug|Any CPU
		{A9240C75-2C22-4795-A5A7-D4448E3258A6}.Release|Any CPU.ActiveCfg = Release|Any CPU
		{A9240C75-2C22-4795-A5A7-D4448E3258A6}.Release|Any CPU.Build.0 = Release|Any CPU
	EndGlobalSection
	GlobalSection(SolutionProperties) = preSolution
		HideSolutionNode = FALSE
	EndGlobalSection
	GlobalSection(ExtensibilityGlobals) = postSolution
		SolutionGuid = {536CF7C1-BE04-4C6F-A647-B89C575E2B2B}
	EndGlobalSection
EndGlobal
